
Microsoft Visual Studio Solution File, Format Version 12.00
# Visual Studio Version 17
VisualStudioVersion = 17.10.34916.146
MinimumVisualStudioVersion = 10.0.40219.1
Project("{FAE04EC0-301F-11D3-BF4B-00C04F79EFBC}") = "Alexapps.SkinCare.Blazor", "Alexapps.SkinCare.Blazor.csproj", "{BA6EE06E-1C84-416B-8E02-1274E69C4790}"
EndProject
Global
	GlobalSection(SolutionConfigurationPlatforms) = preSolution
		Debug|Any CPU = Debug|Any CPU
		Release|Any CPU = Release|Any CPU
	EndGlobalSection
	GlobalSection(ProjectConfigurationPlatforms) = postSolution
		{BA6EE06E-1C84-416B-8E02-1274E69C4790}.Debug|Any CPU.ActiveCfg = Debug|Any CPU
		{BA6EE06E-1C84-416B-8E02-1274E69C4790}.Debug|Any CPU.Build.0 = Debug|Any CPU
		{BA6EE06E-1C84-416B-8E02-1274E69C4790}.Release|Any CPU.ActiveCfg = Release|Any CPU
		{BA6EE06E-1C84-416B-8E02-1274E69C4790}.Release|Any CPU.Build.0 = Release|Any CPU
	EndGlobalSection
	GlobalSection(SolutionProperties) = preSolution
		HideSolutionNode = FALSE
	EndGlobalSection
	GlobalSection(ExtensibilityGlobals) = postSolution
		SolutionGuid = {26A8C997-4DA1-4F67-92F7-1BF901788E64}
	EndGlobalSection
EndGlobal
